
Microsoft Visual Studio Solution File, Format Version 12.00
# Visual Studio Version 17
VisualStudioVersion = 17.6.33829.357
MinimumVisualStudioVersion = 10.0.40219.1
Project("{FAE04EC0-301F-11D3-BF4B-00C04F79EFBC}") = "MaskName", "MaskName\MaskName.csproj", "{B54EEF07-B0D2-49F6-B297-5B4732F676A0}"
EndProject
Global
	GlobalSection(SolutionConfigurationPlatforms) = preSolution
		Debug|Any CPU = Debug|Any CPU
		Release|Any CPU = Release|Any CPU
	EndGlobalSection
	GlobalSection(ProjectConfigurationPlatforms) = postSolution
		{B54EEF07-B0D2-49F6-B297-5B4732F676A0}.Debug|Any CPU.ActiveCfg = Debug|Any CPU
		{B54EEF07-B0D2-49F6-B297-5B4732F676A0}.Debug|Any CPU.Build.0 = Debug|Any CPU
		{B54EEF07-B0D2-49F6-B297-5B4732F676A0}.Release|Any CPU.ActiveCfg = Release|Any CPU
		{B54EEF07-B0D2-49F6-B297-5B4732F676A0}.Release|Any CPU.Build.0 = Release|Any CPU
	EndGlobalSection
	GlobalSection(SolutionProperties) = preSolution
		HideSolutionNode = FALSE
	EndGlobalSection
	GlobalSection(ExtensibilityGlobals) = postSolution
		SolutionGuid = {D2DFF1B1-7FAC-49D8-B10D-D55E1A682ECB}
	EndGlobalSection
EndGlobal
